// !$*UTF8*$!
{
	archiveVersion = 1;
	classes = {
	};
	objectVersion = 56;
	objects = {

/* Begin PBXBuildFile section */
		7E8E306228DC738C006C3613 /* AppDelegate.swift in Sources */ = {isa = PBXBuildFile; fileRef = 7E8E306128DC738C006C3613 /* AppDelegate.swift */; };
		7E8E306428DC738C006C3613 /* SceneDelegate.swift in Sources */ = {isa = PBXBuildFile; fileRef = 7E8E306328DC738C006C3613 /* SceneDelegate.swift */; };
		7E8E306628DC738C006C3613 /* ViewController.swift in Sources */ = {isa = PBXBuildFile; fileRef = 7E8E306528DC738C006C3613 /* ViewController.swift */; };
		7E8E306928DC738C006C3613 /* Main.storyboard in Resources */ = {isa = PBXBuildFile; fileRef = 7E8E306728DC738C006C3613 /* Main.storyboard */; };
		7E8E306B28DC738D006C3613 /* Assets.xcassets in Resources */ = {isa = PBXBuildFile; fileRef = 7E8E306A28DC738D006C3613 /* Assets.xcassets */; };
		7E8E306E28DC738D006C3613 /* LaunchScreen.storyboard in Resources */ = {isa = PBXBuildFile; fileRef = 7E8E306C28DC738D006C3613 /* LaunchScreen.storyboard */; };
		7E8E307928DC738D006C3613 /* swift_4_labelTests.swift in Sources */ = {isa = PBXBuildFile; fileRef = 7E8E307828DC738D006C3613 /* swift_4_labelTests.swift */; };
		7E8E308328DC738D006C3613 /* swift_4_labelUITests.swift in Sources */ = {isa = PBXBuildFile; fileRef = 7E8E308228DC738D006C3613 /* swift_4_labelUITests.swift */; };
		7E8E308528DC738D006C3613 /* swift_4_labelUITestsLaunchTests.swift in Sources */ = {isa = PBXBuildFile; fileRef = 7E8E308428DC738D006C3613 /* swift_4_labelUITestsLaunchTests.swift */; };
/* End PBXBuildFile section */

/* Begin PBXContainerItemProxy section */
		7E8E307528DC738D006C3613 /* PBXContainerItemProxy */ = {
			isa = PBXContainerItemProxy;
			containerPortal = 7E8E305628DC738C006C3613 /* Project object */;
			proxyType = 1;
			remoteGlobalIDString = 7E8E305D28DC738C006C3613;
			remoteInfo = "swift-4-label";
		};
		7E8E307F28DC738D006C3613 /* PBXContainerItemProxy */ = {
			isa = PBXContainerItemProxy;
			containerPortal = 7E8E305628DC738C006C3613 /* Project object */;
			proxyType = 1;
			remoteGlobalIDString = 7E8E305D28DC738C006C3613;
			remoteInfo = "swift-4-label";
		};
/* End PBXContainerItemProxy section */

/* Begin PBXFileReference section */
		7E8E305E28DC738C006C3613 /* swift-4-label.app */ = {isa = PBXFileReference; explicitFileType = wrapper.application; includeInIndex = 0; path = "swift-4-label.app"; sourceTree = BUILT_PRODUCTS_DIR; };
		7E8E306128DC738C006C3613 /* AppDelegate.swift */ = {isa = PBXFileReference; lastKnownFileType = sourcecode.swift; path = AppDelegate.swift; sourceTree = "<group>"; };
		7E8E306328DC738C006C3613 /* SceneDelegate.swift */ = {isa = PBXFileReference; lastKnownFileType = sourcecode.swift; path = SceneDelegate.swift; sourceTree = "<group>"; };
		7E8E306528DC738C006C3613 /* ViewController.swift */ = {isa = PBXFileReference; lastKnownFileType = sourcecode.swift; path = ViewController.swift; sourceTree = "<group>"; };
		7E8E306828DC738C006C3613 /* Base */ = {isa = PBXFileReference; lastKnownFileType = file.storyboard; name = Base; path = Base.lproj/Main.storyboard; sourceTree = "<group>"; };
		7E8E306A28DC738D006C3613 /* Assets.xcassets */ = {isa = PBXFileReference; lastKnownFileType = folder.assetcatalog; path = Assets.xcassets; sourceTree = "<group>"; };
		7E8E306D28DC738D006C3613 /* Base */ = {isa = PBXFileReference; lastKnownFileType = file.storyboard; name = Base; path = Base.lproj/LaunchScreen.storyboard; sourceTree = "<group>"; };
		7E8E306F28DC738D006C3613 /* Info.plist */ = {isa = PBXFileReference; lastKnownFileType = text.plist.xml; path = Info.plist; sourceTree = "<group>"; };
		7E8E307428DC738D006C3613 /* swift-4-labelTests.xctest */ = {isa = PBXFileReference; explicitFileType = wrapper.cfbundle; includeInIndex = 0; path = "swift-4-labelTests.xctest"; sourceTree = BUILT_PRODUCTS_DIR; };
		7E8E307828DC738D006C3613 /* swift_4_labelTests.swift */ = {isa = PBXFileReference; lastKnownFileType = sourcecode.swift; path = swift_4_labelTests.swift; sourceTree = "<group>"; };
		7E8E307E28DC738D006C3613 /* swift-4-labelUITests.xctest */ = {isa = PBXFileReference; explicitFileType = wrapper.cfbundle; includeInIndex = 0; path = "swift-4-labelUITests.xctest"; sourceTree = BUILT_PRODUCTS_DIR; };
		7E8E308228DC738D006C3613 /* swift_4_labelUITests.swift */ = {isa = PBXFileReference; lastKnownFileType = sourcecode.swift; path = swift_4_labelUITests.swift; sourceTree = "<group>"; };
		7E8E308428DC738D006C3613 /* swift_4_labelUITestsLaunchTests.swift */ = {isa = PBXFileReference; lastKnownFileType = sourcecode.swift; path = swift_4_labelUITestsLaunchTests.swift; sourceTree = "<group>"; };
/* End PBXFileReference section */

/* Begin PBXFrameworksBuildPhase section */
		7E8E305B28DC738C006C3613 /* Frameworks */ = {
			isa = PBXFrameworksBuildPhase;
			buildActionMask = 2147483647;
			files = (
			);
			runOnlyForDeploymentPostprocessing = 0;
		};
		7E8E307128DC738D006C3613 /* Frameworks */ = {
			isa = PBXFrameworksBuildPhase;
			buildActionMask = 2147483647;
			files = (
			);
			runOnlyForDeploymentPostprocessing = 0;
		};
		7E8E307B28DC738D006C3613 /* Frameworks */ = {
			isa = PBXFrameworksBuildPhase;
			buildActionMask = 2147483647;
			files = (
			);
			runOnlyForDeploymentPostprocessing = 0;
		};
/* End PBXFrameworksBuildPhase section */

/* Begin PBXGroup section */
		7E8E305528DC738C006C3613 = {
			isa = PBXGroup;
			children = (
				7E8E306028DC738C006C3613 /* swift-4-label */,
				7E8E307728DC738D006C3613 /* swift-4-labelTests */,
				7E8E308128DC738D006C3613 /* swift-4-labelUITests */,
				7E8E305F28DC738C006C3613 /* Products */,
			);
			sourceTree = "<group>";
		};
		7E8E305F28DC738C006C3613 /* Products */ = {
			isa = PBXGroup;
			children = (
				7E8E305E28DC738C006C3613 /* swift-4-label.app */,
				7E8E307428DC738D006C3613 /* swift-4-labelTests.xctest */,
				7E8E307E28DC738D006C3613 /* swift-4-labelUITests.xctest */,
			);
			name = Products;
			sourceTree = "<group>";
		};
		7E8E306028DC738C006C3613 /* swift-4-label */ = {
			isa = PBXGroup;
			children = (
				7E8E309128DC743C006C3613 /* Supporting Files */,
				7E8E306528DC738C006C3613 /* ViewController.swift */,
				7E8E306728DC738C006C3613 /* Main.storyboard */,
			);
			path = "swift-4-label";
			sourceTree = "<group>";
		};
		7E8E307728DC738D006C3613 /* swift-4-labelTests */ = {
			isa = PBXGroup;
			children = (
				7E8E307828DC738D006C3613 /* swift_4_labelTests.swift */,
			);
			path = "swift-4-labelTests";
			sourceTree = "<group>";
		};
		7E8E308128DC738D006C3613 /* swift-4-labelUITests */ = {
			isa = PBXGroup;
			children = (
				7E8E308228DC738D006C3613 /* swift_4_labelUITests.swift */,
				7E8E308428DC738D006C3613 /* swift_4_labelUITestsLaunchTests.swift */,
			);
			path = "swift-4-labelUITests";
			sourceTree = "<group>";
		};
		7E8E309128DC743C006C3613 /* Supporting Files */ = {
			isa = PBXGroup;
			children = (
				7E8E306F28DC738D006C3613 /* Info.plist */,
				7E8E306128DC738C006C3613 /* AppDelegate.swift */,
				7E8E306328DC738C006C3613 /* SceneDelegate.swift */,
				7E8E306A28DC738D006C3613 /* Assets.xcassets */,
				7E8E306C28DC738D006C3613 /* LaunchScreen.storyboard */,
			);
			name = "Supporting Files";
			sourceTree = "<group>";
		};
/* End PBXGroup section */

/* Begin PBXNativeTarget section */
		7E8E305D28DC738C006C3613 /* swift-4-label */ = {
			isa = PBXNativeTarget;
			buildConfigurationList = 7E8E308828DC738D006C3613 /* Build configuration list for PBXNativeTarget "swift-4-label" */;
			buildPhases = (
				7E8E305A28DC738C006C3613 /* Sources */,
				7E8E305B28DC738C006C3613 /* Frameworks */,
				7E8E305C28DC738C006C3613 /* Resources */,
			);
			buildRules = (
			);
			dependencies = (
			);
			name = "swift-4-label";
			productName = "swift-4-label";
			productReference = 7E8E305E28DC738C006C3613 /* swift-4-label.app */;
			productType = "com.apple.product-type.application";
		};
		7E8E307328DC738D006C3613 /* swift-4-labelTests */ = {
			isa = PBXNativeTarget;
			buildConfigurationList = 7E8E308B28DC738D006C3613 /* Build configuration list for PBXNativeTarget "swift-4-labelTests" */;
			buildPhases = (
				7E8E307028DC738D006C3613 /* Sources */,
				7E8E307128DC738D006C3613 /* Frameworks */,
				7E8E307228DC738D006C3613 /* Resources */,
			);
			buildRules = (
			);
			dependencies = (
				7E8E307628DC738D006C3613 /* PBXTargetDependency */,
			);
			name = "swift-4-labelTests";
			productName = "swift-4-labelTests";
			productReference = 7E8E307428DC738D006C3613 /* swift-4-labelTests.xctest */;
			productType = "com.apple.product-type.bundle.unit-test";
		};
		7E8E307D28DC738D006C3613 /* swift-4-labelUITests */ = {
			isa = PBXNativeTarget;
			buildConfigurationList = 7E8E308E28DC738D006C3613 /* Build configuration list for PBXNativeTarget "swift-4-labelUITests" */;
			buildPhases = (
				7E8E307A28DC738D006C3613 /* Sources */,
				7E8E307B28DC738D006C3613 /* Frameworks */,
				7E8E307C28DC738D006C3613 /* Resources */,
			);
			buildRules = (
			);
			dependencies = (
				7E8E308028DC738D006C3613 /* PBXTargetDependency */,
			);
			name = "swift-4-labelUITests";
			productName = "swift-4-labelUITests";
			productReference = 7E8E307E28DC738D006C3613 /* swift-4-labelUITests.xctest */;
			productType = "com.apple.product-type.bundle.ui-testing";
		};
/* End PBXNativeTarget section */

/* Begin PBXProject section */
		7E8E305628DC738C006C3613 /* Project object */ = {
			isa = PBXProject;
			attributes = {
				BuildIndependentTargetsInParallel = 1;
				LastSwiftUpdateCheck = 1400;
				LastUpgradeCheck = 1400;
				TargetAttributes = {
					7E8E305D28DC738C006C3613 = {
						CreatedOnToolsVersion = 14.0;
					};
					7E8E307328DC738D006C3613 = {
						CreatedOnToolsVersion = 14.0;
						TestTargetID = 7E8E305D28DC738C006C3613;
					};
					7E8E307D28DC738D006C3613 = {
						CreatedOnToolsVersion = 14.0;
						TestTargetID = 7E8E305D28DC738C006C3613;
					};
				};
			};
			buildConfigurationList = 7E8E305928DC738C006C3613 /* Build configuration list for PBXProject "swift-4-label" */;
			compatibilityVersion = "Xcode 14.0";
			developmentRegion = en;
			hasScannedForEncodings = 0;
			knownRegions = (
				en,
				Base,
			);
			mainGroup = 7E8E305528DC738C006C3613;
			productRefGroup = 7E8E305F28DC738C006C3613 /* Products */;
			projectDirPath = "";
			projectRoot = "";
			targets = (
				7E8E305D28DC738C006C3613 /* swift-4-label */,
				7E8E307328DC738D006C3613 /* swift-4-labelTests */,
				7E8E307D28DC738D006C3613 /* swift-4-labelUITests */,
			);
		};
/* End PBXProject section */

/* Begin PBXResourcesBuildPhase section */
		7E8E305C28DC738C006C3613 /* Resources */ = {
			isa = PBXResourcesBuildPhase;
			buildActionMask = 2147483647;
			files = (
				7E8E306E28DC738D006C3613 /* LaunchScreen.storyboard in Resources */,
				7E8E306B28DC738D006C3613 /* Assets.xcassets in Resources */,
				7E8E306928DC738C006C3613 /* Main.storyboard in Resources */,
			);
			runOnlyForDeploymentPostprocessing = 0;
		};
		7E8E307228DC738D006C3613 /* Resources */ = {
			isa = PBXResourcesBuildPhase;
			buildActionMask = 2147483647;
			files = (
			);
			runOnlyForDeploymentPostprocessing = 0;
		};
		7E8E307C28DC738D006C3613 /* Resources */ = {
			isa = PBXResourcesBuildPhase;
			buildActionMask = 2147483647;
			files = (
			);
			runOnlyForDeploymentPostprocessing = 0;
		};
/* End PBXResourcesBuildPhase section */

/* Begin PBXSourcesBuildPhase section */
		7E8E305A28DC738C006C3613 /* Sources */ = {
			isa = PBXSourcesBuildPhase;
			buildActionMask = 2147483647;
			files = (
				7E8E306628DC738C006C3613 /* ViewController.swift in Sources */,
				7E8E306228DC738C006C3613 /* AppDelegate.swift in Sources */,
				7E8E306428DC738C006C3613 /* SceneDelegate.swift in Sources */,
			);
			runOnlyForDeploymentPostprocessing = 0;
		};
		7E8E307028DC738D006C3613 /* Sources */ = {
			isa = PBXSourcesBuildPhase;
			buildActionMask = 2147483647;
			files = (
				7E8E307928DC738D006C3613 /* swift_4_labelTests.swift in Sources */,
			);
			runOnlyForDeploymentPostprocessing = 0;
		};
		7E8E307A28DC738D006C3613 /* Sources */ = {
			isa = PBXSourcesBuildPhase;
			buildActionMask = 2147483647;
			files = (
				7E8E308528DC738D006C3613 /* swift_4_labelUITestsLaunchTests.swift in Sources */,
				7E8E308328DC738D006C3613 /* swift_4_labelUITests.swift in Sources */,
			);
			runOnlyForDeploymentPostprocessing = 0;
		};
/* End PBXSourcesBuildPhase section */

/* Begin PBXTargetDependency section */
		7E8E307628DC738D006C3613 /* PBXTargetDependency */ = {
			isa = PBXTargetDependency;
			target = 7E8E305D28DC738C006C3613 /* swift-4-label */;
			targetProxy = 7E8E307528DC738D006C3613 /* PBXContainerItemProxy */;
		};
		7E8E308028DC738D006C3613 /* PBXTargetDependency */ = {
			isa = PBXTargetDependency;
			target = 7E8E305D28DC738C006C3613 /* swift-4-label */;
			targetProxy = 7E8E307F28DC738D006C3613 /* PBXContainerItemProxy */;
		};
/* End PBXTargetDependency section */

/* Begin PBXVariantGroup section */
		7E8E306728DC738C006C3613 /* Main.storyboard */ = {
			isa = PBXVariantGroup;
			children = (
				7E8E306828DC738C006C3613 /* Base */,
			);
			name = Main.storyboard;
			sourceTree = "<group>";
		};
		7E8E306C28DC738D006C3613 /* LaunchScreen.storyboard */ = {
			isa = PBXVariantGroup;
			children = (
				7E8E306D28DC738D006C3613 /* Base */,
			);
			name = LaunchScreen.storyboard;
			sourceTree = "<group>";
		};
/* End PBXVariantGroup section */

/* Begin XCBuildConfiguration section */
		7E8E308628DC738D006C3613 /* Debug */ = {
			isa = XCBuildConfiguration;
			buildSettings = {
				ALWAYS_SEARCH_USER_PATHS = NO;
				CLANG_ANALYZER_NONNULL = YES;
				CLANG_ANALYZER_NUMBER_OBJECT_CONVERSION = YES_AGGRESSIVE;
				CLANG_CXX_LANGUAGE_STANDARD = "gnu++20";
				CLANG_ENABLE_MODULES = YES;
				CLANG_ENABLE_OBJC_ARC = YES;
				CLANG_ENABLE_OBJC_WEAK = YES;
				CLANG_WARN_BLOCK_CAPTURE_AUTORELEASING = YES;
				CLANG_WARN_BOOL_CONVERSION = YES;
				CLANG_WARN_COMMA = YES;
				CLANG_WARN_CONSTANT_CONVERSION = YES;
				CLANG_WARN_DEPRECATED_OBJC_IMPLEMENTATIONS = YES;
				CLANG_WARN_DIRECT_OBJC_ISA_USAGE = YES_ERROR;
				CLANG_WARN_DOCUMENTATION_COMMENTS = YES;
				CLANG_WARN_EMPTY_BODY = YES;
				CLANG_WARN_ENUM_CONVERSION = YES;
				CLANG_WARN_INFINITE_RECURSION = YES;
				CLANG_WARN_INT_CONVERSION = YES;
				CLANG_WARN_NON_LITERAL_NULL_CONVERSION = YES;
				CLANG_WARN_OBJC_IMPLICIT_RETAIN_SELF = YES;
				CLANG_WARN_OBJC_LITERAL_CONVERSION = YES;
				CLANG_WARN_OBJC_ROOT_CLASS = YES_ERROR;
				CLANG_WARN_QUOTED_INCLUDE_IN_FRAMEWORK_HEADER = YES;
				CLANG_WARN_RANGE_LOOP_ANALYSIS = YES;
				CLANG_WARN_STRICT_PROTOTYPES = YES;
				CLANG_WARN_SUSPICIOUS_MOVE = YES;
				CLANG_WARN_UNGUARDED_AVAILABILITY = YES_AGGRESSIVE;
				CLANG_WARN_UNREACHABLE_CODE = YES;
				CLANG_WARN__DUPLICATE_METHOD_MATCH = YES;
				COPY_PHASE_STRIP = NO;
				DEBUG_INFORMATION_FORMAT = dwarf;
				ENABLE_STRICT_OBJC_MSGSEND = YES;
				ENABLE_TESTABILITY = YES;
				GCC_C_LANGUAGE_STANDARD = gnu11;
				GCC_DYNAMIC_NO_PIC = NO;
				GCC_NO_COMMON_BLOCKS = YES;
				GCC_OPTIMIZATION_LEVEL = 0;
				GCC_PREPROCESSOR_DEFINITIONS = (
					"DEBUG=1",
					"$(inherited)",
				);
				GCC_WARN_64_TO_32_BIT_CONVERSION = YES;
				GCC_WARN_ABOUT_RETURN_TYPE = YES_ERROR;
				GCC_WARN_UNDECLARED_SELECTOR = YES;
				GCC_WARN_UNINITIALIZED_AUTOS = YES_AGGRESSIVE;
				GCC_WARN_UNUSED_FUNCTION = YES;
				GCC_WARN_UNUSED_VARIABLE = YES;
				IPHONEOS_DEPLOYMENT_TARGET = 16.0;
				MTL_ENABLE_DEBUG_INFO = INCLUDE_SOURCE;
				MTL_FAST_MATH = YES;
				ONLY_ACTIVE_ARCH = YES;
				SDKROOT = iphoneos;
				SWIFT_ACTIVE_COMPILATION_CONDITIONS = DEBUG;
				SWIFT_OPTIMIZATION_LEVEL = "-Onone";
			};
			name = Debug;
		};
		7E8E308728DC738D006C3613 /* Release */ = {
			isa = XCBuildConfiguration;
			buildSettings = {
				ALWAYS_SEARCH_USER_PATHS = NO;
				CLANG_ANALYZER_NONNULL = YES;
				CLANG_ANALYZER_NUMBER_OBJECT_CONVERSION = YES_AGGRESSIVE;
				CLANG_CXX_LANGUAGE_STANDARD = "gnu++20";
				CLANG_ENABLE_MODULES = YES;
				CLANG_ENABLE_OBJC_ARC = YES;
				CLANG_ENABLE_OBJC_WEAK = YES;
				CLANG_WARN_BLOCK_CAPTURE_AUTORELEASING = YES;
				CLANG_WARN_BOOL_CONVERSION = YES;
				CLANG_WARN_COMMA = YES;
				CLANG_WARN_CONSTANT_CONVERSION = YES;
				CLANG_WARN_DEPRECATED_OBJC_IMPLEMENTATIONS = YES;
				CLANG_WARN_DIRECT_OBJC_ISA_USAGE = YES_ERROR;
				CLANG_WARN_DOCUMENTATION_COMMENTS = YES;
				CLANG_WARN_EMPTY_BODY = YES;
				CLANG_WARN_ENUM_CONVERSION = YES;
				CLANG_WARN_INFINITE_RECURSION = YES;
				CLANG_WARN_INT_CONVERSION = YES;
				CLANG_WARN_NON_LITERAL_NULL_CONVERSION = YES;
				CLANG_WARN_OBJC_IMPLICIT_RETAIN_SELF = YES;
				CLANG_WARN_OBJC_LITERAL_CONVERSION = YES;
				CLANG_WARN_OBJC_ROOT_CLASS = YES_ERROR;
				CLANG_WARN_QUOTED_INCLUDE_IN_FRAMEWORK_HEADER = YES;
				CLANG_WARN_RANGE_LOOP_ANALYSIS = YES;
				CLANG_WARN_STRICT_PROTOTYPES = YES;
				CLANG_WARN_SUSPICIOUS_MOVE = YES;
				CLANG_WARN_UNGUARDED_AVAILABILITY = YES_AGGRESSIVE;
				CLANG_WARN_UNREACHABLE_CODE = YES;
				CLANG_WARN__DUPLICATE_METHOD_MATCH = YES;
				COPY_PHASE_STRIP = NO;
				DEBUG_INFORMATION_FORMAT = "dwarf-with-dsym";
				ENABLE_NS_ASSERTIONS = NO;
				ENABLE_STRICT_OBJC_MSGSEND = YES;
				GCC_C_LANGUAGE_STANDARD = gnu11;
				GCC_NO_COMMON_BLOCKS = YES;
				GCC_WARN_64_TO_32_BIT_CONVERSION = YES;
				GCC_WARN_ABOUT_RETURN_TYPE = YES_ERROR;
				GCC_WARN_UNDECLARED_SELECTOR = YES;
				GCC_WARN_UNINITIALIZED_AUTOS = YES_AGGRESSIVE;
				GCC_WARN_UNUSED_FUNCTION = YES;
				GCC_WARN_UNUSED_VARIABLE = YES;
				IPHONEOS_DEPLOYMENT_TARGET = 16.0;
				MTL_ENABLE_DEBUG_INFO = NO;
				MTL_FAST_MATH = YES;
				SDKROOT = iphoneos;
				SWIFT_COMPILATION_MODE = wholemodule;
				SWIFT_OPTIMIZATION_LEVEL = "-O";
				VALIDATE_PRODUCT = YES;
			};
			name = Release;
		};
		7E8E308928DC738D006C3613 /* Debug */ = {
			isa = XCBuildConfiguration;
			buildSettings = {
				ASSETCATALOG_COMPILER_APPICON_NAME = AppIcon;
				ASSETCATALOG_COMPILER_GLOBAL_ACCENT_COLOR_NAME = AccentColor;
				CODE_SIGN_STYLE = Automatic;
				CURRENT_PROJECT_VERSION = 1;
				DEVELOPMENT_TEAM = 6RGJWQN82H;
				GENERATE_INFOPLIST_FILE = YES;
				INFOPLIST_FILE = "swift-4-label/Info.plist";
				INFOPLIST_KEY_UIApplicationSupportsIndirectInputEvents = YES;
				INFOPLIST_KEY_UILaunchStoryboardName = LaunchScreen;
				INFOPLIST_KEY_UIMainStoryboardFile = Main;
				INFOPLIST_KEY_UISupportedInterfaceOrientations_iPad = "UIInterfaceOrientationPortrait UIInterfaceOrientationPortraitUpsideDown UIInterfaceOrientationLandscapeLeft UIInterfaceOrientationLandscapeRight";
				INFOPLIST_KEY_UISupportedInterfaceOrientations_iPhone = "UIInterfaceOrientationPortrait UIInterfaceOrientationLandscapeLeft UIInterfaceOrientationLandscapeRight";
				LD_RUNPATH_SEARCH_PATHS = (
					"$(inherited)",
					"@executable_path/Frameworks",
				);
				MARKETING_VERSION = 1.0;
				PRODUCT_BUNDLE_IDENTIFIER = "com.emreterzi.swift-4-label";
				PRODUCT_NAME = "$(TARGET_NAME)";
				SWIFT_EMIT_LOC_STRINGS = YES;
				SWIFT_VERSION = 5.0;
				TARGETED_DEVICE_FAMILY = "1,2";
			};
			name = Debug;
		};
		7E8E308A28DC738D006C3613 /* Release */ = {
			isa = XCBuildConfiguration;
			buildSettings = {
				ASSETCATALOG_COMPILER_APPICON_NAME = AppIcon;
				ASSETCATALOG_COMPILER_GLOBAL_ACCENT_COLOR_NAME = AccentColor;
				CODE_SIGN_STYLE = Automatic;
				CURRENT_PROJECT_VERSION = 1;
				DEVELOPMENT_TEAM = 6RGJWQN82H;
				GENERATE_INFOPLIST_FILE = YES;
				INFOPLIST_FILE = "swift-4-label/Info.plist";
				INFOPLIST_KEY_UIApplicationSupportsIndirectInputEvents = YES;
				INFOPLIST_KEY_UILaunchStoryboardName = LaunchScreen;
				INFOPLIST_KEY_UIMainStoryboardFile = Main;
				INFOPLIST_KEY_UISupportedInterfaceOrientations_iPad = "UIInterfaceOrientationPortrait UIInterfaceOrientationPortraitUpsideDown UIInterfaceOrientationLandscapeLeft UIInterfaceOrientationLandscapeRight";
				INFOPLIST_KEY_UISupportedInterfaceOrientations_iPhone = "UIInterfaceOrientationPortrait UIInterfaceOrientationLandscapeLeft UIInterfaceOrientationLandscapeRight";
				LD_RUNPATH_SEARCH_PATHS = (
					"$(inherited)",
					"@executable_path/Frameworks",
				);
				MARKETING_VERSION = 1.0;
				PRODUCT_BUNDLE_IDENTIFIER = "com.emreterzi.swift-4-label";
				PRODUCT_NAME = "$(TARGET_NAME)";
				SWIFT_EMIT_LOC_STRINGS = YES;
				SWIFT_VERSION = 5.0;
				TARGETED_DEVICE_FAMILY = "1,2";
			};
			name = Release;
		};
		7E8E308C28DC738D006C3613 /* Debug */ = {
			isa = XCBuildConfiguration;
			buildSettings = {
				ALWAYS_EMBED_SWIFT_STANDARD_LIBRARIES = YES;
				BUNDLE_LOADER = "$(TEST_HOST)";
				CODE_SIGN_STYLE = Automatic;
				CURRENT_PROJECT_VERSION = 1;
				DEVELOPMENT_TEAM = 6RGJWQN82H;
				GENERATE_INFOPLIST_FILE = YES;
				IPHONEOS_DEPLOYMENT_TARGET = 16.0;
				MARKETING_VERSION = 1.0;
				PRODUCT_BUNDLE_IDENTIFIER = "com.emreterzi.swift-4-labelTests";
				PRODUCT_NAME = "$(TARGET_NAME)";
				SWIFT_EMIT_LOC_STRINGS = NO;
				SWIFT_VERSION = 5.0;
				TARGETED_DEVICE_FAMILY = "1,2";
				TEST_HOST = "$(BUILT_PRODUCTS_DIR)/swift-4-label.app/$(BUNDLE_EXECUTABLE_FOLDER_PATH)/swift-4-label";
			};
			name = Debug;
		};
		7E8E308D28DC738D006C3613 /* Release */ = {
			isa = XCBuildConfiguration;
			buildSettings = {
				ALWAYS_EMBED_SWIFT_STANDARD_LIBRARIES = YES;
				BUNDLE_LOADER = "$(TEST_HOST)";
				CODE_SIGN_STYLE = Automatic;
				CURRENT_PROJECT_VERSION = 1;
				DEVELOPMENT_TEAM = 6RGJWQN82H;
				GENERATE_INFOPLIST_FILE = YES;
				IPHONEOS_DEPLOYMENT_TARGET = 16.0;
				MARKETING_VERSION = 1.0;
				PRODUCT_BUNDLE_IDENTIFIER = "com.emreterzi.swift-4-labelTests";
				PRODUCT_NAME = "$(TARGET_NAME)";
				SWIFT_EMIT_LOC_STRINGS = NO;
				SWIFT_VERSION = 5.0;
				TARGETED_DEVICE_FAMILY = "1,2";
				TEST_HOST = "$(BUILT_PRODUCTS_DIR)/swift-4-label.app/$(BUNDLE_EXECUTABLE_FOLDER_PATH)/swift-4-label";
			};
			name = Release;
		};
		7E8E308F28DC738D006C3613 /* Debug */ = {
			isa = XCBuildConfiguration;
			buildSettings = {
				ALWAYS_EMBED_SWIFT_STANDARD_LIBRARIES = YES;
				CODE_SIGN_STYLE = Automatic;
				CURRENT_PROJECT_VERSION = 1;
				DEVELOPMENT_TEAM = 6RGJWQN82H;
				GENERATE_INFOPLIST_FILE = YES;
				MARKETING_VERSION = 1.0;
				PRODUCT_BUNDLE_IDENTIFIER = "com.emreterzi.swift-4-labelUITests";
				PRODUCT_NAME = "$(TARGET_NAME)";
				SWIFT_EMIT_LOC_STRINGS = NO;
				SWIFT_VERSION = 5.0;
				TARGETED_DEVICE_FAMILY = "1,2";
				TEST_TARGET_NAME = "swift-4-label";
			};
			name = Debug;
		};
		7E8E309028DC738D006C3613 /* Release */ = {
			isa = XCBuildConfiguration;
			buildSettings = {
				ALWAYS_EMBED_SWIFT_STANDARD_LIBRARIES = YES;
				CODE_SIGN_STYLE = Automatic;
				CURRENT_PROJECT_VERSION = 1;
				DEVELOPMENT_TEAM = 6RGJWQN82H;
				GENERATE_INFOPLIST_FILE = YES;
				MARKETING_VERSION = 1.0;
				PRODUCT_BUNDLE_IDENTIFIER = "com.emreterzi.swift-4-labelUITests";
				PRODUCT_NAME = "$(TARGET_NAME)";
				SWIFT_EMIT_LOC_STRINGS = NO;
				SWIFT_VERSION = 5.0;
				TARGETED_DEVICE_FAMILY = "1,2";
				TEST_TARGET_NAME = "swift-4-label";
			};
			name = Release;
		};
/* End XCBuildConfiguration section */

/* Begin XCConfigurationList section */
		7E8E305928DC738C006C3613 /* Build configuration list for PBXProject "swift-4-label" */ = {
			isa = XCConfigurationList;
			buildConfigurations = (
				7E8E308628DC738D006C3613 /* Debug */,
				7E8E308728DC738D006C3613 /* Release */,
			);
			defaultConfigurationIsVisible = 0;
			defaultConfigurationName = Release;
		};
		7E8E308828DC738D006C3613 /* Build configuration list for PBXNativeTarget "swift-4-label" */ = {
			isa = XCConfigurationList;
			buildConfigurations = (
				7E8E308928DC738D006C3613 /* Debug */,
				7E8E308A28DC738D006C3613 /* Release */,
			);
			defaultConfigurationIsVisible = 0;
			defaultConfigurationName = Release;
		};
		7E8E308B28DC738D006C3613 /* Build configuration list for PBXNativeTarget "swift-4-labelTests" */ = {
			isa = XCConfigurationList;
			buildConfigurations = (
				7E8E308C28DC738D006C3613 /* Debug */,
				7E8E308D28DC738D006C3613 /* Release */,
			);
			defaultConfigurationIsVisible = 0;
			defaultConfigurationName = Release;
		};
		7E8E308E28DC738D006C3613 /* Build configuration list for PBXNativeTarget "swift-4-labelUITests" */ = {
			isa = XCConfigurationList;
			buildConfigurations = (
				7E8E308F28DC738D006C3613 /* Debug */,
				7E8E309028DC738D006C3613 /* Release */,
			);
			defaultConfigurationIsVisible = 0;
			defaultConfigurationName = Release;
		};
/* End XCConfigurationList section */
	};
	rootObject = 7E8E305628DC738C006C3613 /* Project object */;
}
